{
  "name": "miniprogram-ts-quickstart",
  "version": "1.0.0",
  "lockfileVersion": 1,
  "requires": true,
  "dependencies": {
    "miniprogram-api-typings": {
      "version": "2.12.0",
      "resolved": "https://registry.nlark.com/miniprogram-api-typings/download/miniprogram-api-typings-2.12.0.tgz?cache=0&sync_timestamp=1619019762291&other_urls=https%3A%2F%2Fregistry.nlark.com%2Fminiprogram-api-typings%2Fdownload%2Fminiprogram-api-typings-2.12.0.tgz",
      "integrity": "sha1-einJDz5e+jZYhCLR8B4i0zlKqqE=",
      "dev": true
    },
    "mp-mixin": {
      "version": "0.0.4",
      "resolved": "https://registry.nlark.com/mp-mixin/download/mp-mixin-0.0.4.tgz",
      "integrity": "sha1-N4rQ1S8Sj8BeGJDP90kKEoGIhrE="
    },
    "typescript": {
      "version": "3.9.9",
      "resolved": "https://registry.nlark.com/typescript/download/typescript-3.9.9.tgz?cache=0&sync_timestamp=1620458592000&other_urls=https%3A%2F%2Fregistry.nlark.com%2Ftypescript%2Fdownload%2Ftypescript-3.9.9.tgz",
      "integrity": "sha1-5pkFxUvAaB0FGL1NWHzG8tCxpnQ=",
      "dev": true
    }
  }
}
